
Microsoft Visual Studio Solution File, Format Version 12.00
# Visual Studio Version 16
VisualStudioVersion = 16.0.30002.166
MinimumVisualStudioVersion = 10.0.40219.1
Project("{8BC9CEB8-8B4A-11D0-8D11-00A0C91BC942}") = "210428_Light", "210428_Light\210428_Light.vcxproj", "{607D9E82-BC00-4290-9D81-E9A87E8A3C19}"
EndProject
Global
	GlobalSection(SolutionConfigurationPlatforms) = preSolution
		Debug|x64 = Debug|x64
		Debug|x86 = Debug|x86
		Release|x64 = Release|x64
		Release|x86 = Release|x86
	EndGlobalSection
	GlobalSection(ProjectConfigurationPlatforms) = postSolution
		{607D9E82-BC00-4290-9D81-E9A87E8A3C19}.Debug|x64.ActiveCfg = Debug|x64
		{607D9E82-BC00-4290-9D81-E9A87E8A3C19}.Debug|x64.Build.0 = Debug|x64
		{607D9E82-BC00-4290-9D81-E9A87E8A3C19}.Debug|x86.ActiveCfg = Debug|Win32
		{607D9E82-BC00-4290-9D81-E9A87E8A3C19}.Debug|x86.Build.0 = Debug|Win32
		{607D9E82-BC00-4290-9D81-E9A87E8A3C19}.Release|x64.ActiveCfg = Release|x64
		{607D9E82-BC00-4290-9D81-E9A87E8A3C19}.Release|x64.Build.0 = Release|x64
		{607D9E82-BC00-4290-9D81-E9A87E8A3C19}.Release|x86.ActiveCfg = Release|Win32
		{607D9E82-BC00-4290-9D81-E9A87E8A3C19}.Release|x86.Build.0 = Release|Win32
	EndGlobalSection
	GlobalSection(SolutionProperties) = preSolution
		HideSolutionNode = FALSE
	EndGlobalSection
	GlobalSection(ExtensibilityGlobals) = postSolution
		SolutionGuid = {4C05D34F-DCB4-4B2A-9F60-B0441FF24A6E}
	EndGlobalSection
EndGlobal
