
Microsoft Visual Studio Solution File, Format Version 12.00
# Visual Studio Version 16
VisualStudioVersion = 16.0.30002.166
MinimumVisualStudioVersion = 10.0.40219.1
Project("{8BC9CEB8-8B4A-11D0-8D11-00A0C91BC942}") = "210428_Texture", "210428_Texture\210428_Texture.vcxproj", "{F7ADB900-9319-44B6-91CE-028895A1575C}"
EndProject
Global
	GlobalSection(SolutionConfigurationPlatforms) = preSolution
		Debug|x64 = Debug|x64
		Debug|x86 = Debug|x86
		Release|x64 = Release|x64
		Release|x86 = Release|x86
	EndGlobalSection
	GlobalSection(ProjectConfigurationPlatforms) = postSolution
		{F7ADB900-9319-44B6-91CE-028895A1575C}.Debug|x64.ActiveCfg = Debug|x64
		{F7ADB900-9319-44B6-91CE-028895A1575C}.Debug|x64.Build.0 = Debug|x64
		{F7ADB900-9319-44B6-91CE-028895A1575C}.Debug|x86.ActiveCfg = Debug|Win32
		{F7ADB900-9319-44B6-91CE-028895A1575C}.Debug|x86.Build.0 = Debug|Win32
		{F7ADB900-9319-44B6-91CE-028895A1575C}.Release|x64.ActiveCfg = Release|x64
		{F7ADB900-9319-44B6-91CE-028895A1575C}.Release|x64.Build.0 = Release|x64
		{F7ADB900-9319-44B6-91CE-028895A1575C}.Release|x86.ActiveCfg = Release|Win32
		{F7ADB900-9319-44B6-91CE-028895A1575C}.Release|x86.Build.0 = Release|Win32
	EndGlobalSection
	GlobalSection(SolutionProperties) = preSolution
		HideSolutionNode = FALSE
	EndGlobalSection
	GlobalSection(ExtensibilityGlobals) = postSolution
		SolutionGuid = {AAD677FA-7C78-419D-9E6A-FA8409C72A9B}
	EndGlobalSection
EndGlobal
